
Microsoft Visual Studio Solution File, Format Version 12.00
# Visual Studio 2013
VisualStudioVersion = 12.0.31101.0
MinimumVisualStudioVersion = 10.0.40219.1
Project("{FAE04EC0-301F-11D3-BF4B-00C04F79EFBC}") = "BatchingHosting", "BatchingHosting\BatchingHosting.csproj", "{7797DD1C-6F22-49C1-93F1-A9D6620F9054}"
EndProject
Project("{FAE04EC0-301F-11D3-BF4B-00C04F79EFBC}") = "ConsoleApplication1", "ConsoleApplication1\ConsoleApplication1.csproj", "{133CE82E-FE38-42E1-BFAE-D91D01ED5FD8}"
EndProject
Global
	GlobalSection(SolutionConfigurationPlatforms) = preSolution
		Debug|Any CPU = Debug|Any CPU
		Debug|Mixed Platforms = Debug|Mixed Platforms
		Debug|x86 = Debug|x86
		Release|Any CPU = Release|Any CPU
		Release|Mixed Platforms = Release|Mixed Platforms
		Release|x86 = Release|x86
	EndGlobalSection
	GlobalSection(ProjectConfigurationPlatforms) = postSolution
		{7797DD1C-6F22-49C1-93F1-A9D6620F9054}.Debug|Any CPU.ActiveCfg = Debug|x86
		{7797DD1C-6F22-49C1-93F1-A9D6620F9054}.Debug|Mixed Platforms.ActiveCfg = Debug|x86
		{7797DD1C-6F22-49C1-93F1-A9D6620F9054}.Debug|Mixed Platforms.Build.0 = Debug|x86
		{7797DD1C-6F22-49C1-93F1-A9D6620F9054}.Debug|x86.ActiveCfg = Debug|x86
		{7797DD1C-6F22-49C1-93F1-A9D6620F9054}.Debug|x86.Build.0 = Debug|x86
		{7797DD1C-6F22-49C1-93F1-A9D6620F9054}.Release|Any CPU.ActiveCfg = Release|x86
		{7797DD1C-6F22-49C1-93F1-A9D6620F9054}.Release|Mixed Platforms.ActiveCfg = Release|x86
		{7797DD1C-6F22-49C1-93F1-A9D6620F9054}.Release|Mixed Platforms.Build.0 = Release|x86
		{7797DD1C-6F22-49C1-93F1-A9D6620F9054}.Release|x86.ActiveCfg = Release|x86
		{7797DD1C-6F22-49C1-93F1-A9D6620F9054}.Release|x86.Build.0 = Release|x86
		{133CE82E-FE38-42E1-BFAE-D91D01ED5FD8}.Debug|Any CPU.ActiveCfg = Debug|Any CPU
		{133CE82E-FE38-42E1-BFAE-D91D01ED5FD8}.Debug|Any CPU.Build.0 = Debug|Any CPU
		{133CE82E-FE38-42E1-BFAE-D91D01ED5FD8}.Debug|Mixed Platforms.ActiveCfg = Debug|Any CPU
		{133CE82E-FE38-42E1-BFAE-D91D01ED5FD8}.Debug|Mixed Platforms.Build.0 = Debug|Any CPU
		{133CE82E-FE38-42E1-BFAE-D91D01ED5FD8}.Debug|x86.ActiveCfg = Debug|Any CPU
		{133CE82E-FE38-42E1-BFAE-D91D01ED5FD8}.Release|Any CPU.ActiveCfg = Release|Any CPU
		{133CE82E-FE38-42E1-BFAE-D91D01ED5FD8}.Release|Any CPU.Build.0 = Release|Any CPU
		{133CE82E-FE38-42E1-BFAE-D91D01ED5FD8}.Release|Mixed Platforms.ActiveCfg = Release|Any CPU
		{133CE82E-FE38-42E1-BFAE-D91D01ED5FD8}.Release|Mixed Platforms.Build.0 = Release|Any CPU
		{133CE82E-FE38-42E1-BFAE-D91D01ED5FD8}.Release|x86.ActiveCfg = Release|Any CPU
	EndGlobalSection
	GlobalSection(SolutionProperties) = preSolution
		HideSolutionNode = FALSE
	EndGlobalSection
EndGlobal
